
Microsoft Visual Studio Solution File, Format Version 12.00
# Visual Studio Version 17
VisualStudioVersion = 17.11.35327.3
MinimumVisualStudioVersion = 10.0.40219.1
Project("{2150E333-8FDC-42A3-9474-1A3956D46DE8}") = "sse", "sse", "{CC8B3AFE-33CD-4353-8BCA-28275CF7B63C}"
EndProject
Project("{2150E333-8FDC-42A3-9474-1A3956D46DE8}") = "ftp", "ftp", "{FDD5EEEC-73C7-433C-A58B-C99242DD3FA9}"
EndProject
Project("{2150E333-8FDC-42A3-9474-1A3956D46DE8}") = "http", "http", "{D5EF11CF-9065-4DDB-9283-1588786855FE}"
EndProject
Project("{2150E333-8FDC-42A3-9474-1A3956D46DE8}") = "brokers", "brokers", "{80E3F069-1F23-46C7-B661-DBBCF69DB195}"
EndProject
Project("{2150E333-8FDC-42A3-9474-1A3956D46DE8}") = "kafka", "kafka", "{37DCA54A-B18C-40E9-83F0-2AD86C302D99}"
EndProject
Project("{2150E333-8FDC-42A3-9474-1A3956D46DE8}") = "rabbit", "rabbit", "{EED9CC28-5D55-4275-AFB1-E33878661515}"
EndProject
Project("{2150E333-8FDC-42A3-9474-1A3956D46DE8}") = "long-polling", "long-polling", "{0BF9B634-C632-4029-ABBF-A437C2B5BB29}"
EndProject
Project("{2150E333-8FDC-42A3-9474-1A3956D46DE8}") = "short-polling", "short-polling", "{54662D9A-555F-4410-90DA-15B38DE0597D}"
EndProject
Project("{2150E333-8FDC-42A3-9474-1A3956D46DE8}") = "sftp", "sftp", "{AE69E3C1-7458-4EC5-B661-6AE90582484A}"
EndProject
Project("{2150E333-8FDC-42A3-9474-1A3956D46DE8}") = "tcp", "tcp", "{7F580115-7384-4F69-AAE8-765E171DBF09}"
	ProjectSection(SolutionItems) = preProject
		tcp\tcp-server\tcp-server.csproj = tcp\tcp-server\tcp-server.csproj
	EndProjectSection
EndProject
Project("{2150E333-8FDC-42A3-9474-1A3956D46DE8}") = "webhook", "webhook", "{ADED0B4D-F474-4A1E-AE09-29F6C02702C3}"
EndProject
Project("{2150E333-8FDC-42A3-9474-1A3956D46DE8}") = "websocket", "websocket", "{FFB7A8B3-8AB6-4729-9AA7-03846B2E18B0}"
EndProject
Project("{2150E333-8FDC-42A3-9474-1A3956D46DE8}") = "udp", "udp", "{571C75AA-0C37-48B3-A8DE-5E90A1F53866}"
EndProject
Project("{FAE04EC0-301F-11D3-BF4B-00C04F79EFBC}") = "kafka-client", "brokers\kafka\kafka-client\kafka-client.csproj", "{21221A60-8A39-4671-B5D4-16F1F0AB723B}"
EndProject
Project("{9A19103F-16F7-4668-BE54-9A1E7A4F7556}") = "ftps-client", "ftp\ftps-client\ftps-client.csproj", "{DFC515AC-8F8F-449A-B878-13BC71F4BA31}"
EndProject
Project("{9A19103F-16F7-4668-BE54-9A1E7A4F7556}") = "http-server", "http\http-server\http-server.csproj", "{CE721FE4-6747-46C6-B849-95FB8C3821A4}"
EndProject
Project("{9A19103F-16F7-4668-BE54-9A1E7A4F7556}") = "long-polling-client", "long-polling\long-polling-client\long-polling-client.csproj", "{25670D25-16E8-42E5-9BC2-9BA7F80810A0}"
EndProject
Project("{9A19103F-16F7-4668-BE54-9A1E7A4F7556}") = "long-polling-sample-server", "long-polling\long-polling-sample-server\long-polling-sample-server.csproj", "{7B44D21D-D0E5-4CBF-AF7C-3BFC2F647B07}"
EndProject
Project("{9A19103F-16F7-4668-BE54-9A1E7A4F7556}") = "long-polling-server", "long-polling\long-polling-server\long-polling-server.csproj", "{7A2EE42D-8B9C-4D03-9DB7-376FD1663F0A}"
EndProject
Project("{9A19103F-16F7-4668-BE54-9A1E7A4F7556}") = "sftp-client", "sftp\sftp-client\sftp-client.csproj", "{65EF3A53-F245-49B7-BE4E-FE45F0A269A1}"
EndProject
Project("{9A19103F-16F7-4668-BE54-9A1E7A4F7556}") = "short-polling-server", "short-polling\short-polling-server\short-polling-server.csproj", "{596CE275-9921-4504-AA0C-E61B0B5EF54C}"
EndProject
Project("{9A19103F-16F7-4668-BE54-9A1E7A4F7556}") = "sse-server", "sse\sse-server\sse-server.csproj", "{D5376A3D-6A82-46A7-82FE-DBC4470C6449}"
EndProject
Project("{9A19103F-16F7-4668-BE54-9A1E7A4F7556}") = "tcp-client", "tcp\tcp-client\tcp-client.csproj", "{5A64772E-C890-4ED4-B148-7FE68B3301CE}"
EndProject
Project("{9A19103F-16F7-4668-BE54-9A1E7A4F7556}") = "udp-client", "udp\udp-client\udp-client.csproj", "{98C0BB23-36D5-4F7A-8784-B0DBDD2AB1E6}"
EndProject
Project("{9A19103F-16F7-4668-BE54-9A1E7A4F7556}") = "udp-server", "udp\udp-server\udp-server.csproj", "{34934196-3EDF-4FD2-86B1-448BF93638DD}"
EndProject
Project("{9A19103F-16F7-4668-BE54-9A1E7A4F7556}") = "webhook-email-server", "webhook\webhook-email-server\webhook-email-server.csproj", "{03569335-3285-4C72-8938-82385EFF99CB}"
EndProject
Project("{9A19103F-16F7-4668-BE54-9A1E7A4F7556}") = "webhook-trigger-server", "webhook\webhook-trigger-server\webhook-trigger-server.csproj", "{BB1DB256-3E40-4CAC-879F-2E7FF634A5CD}"
EndProject
Project("{9A19103F-16F7-4668-BE54-9A1E7A4F7556}") = "websocket-client-and-server-web", "websocket\websocket-client-and-server-web\websocket-client-and-server-web.csproj", "{72B18D7B-0009-472D-9C75-074AEE37BBDF}"
EndProject
Global
	GlobalSection(SolutionConfigurationPlatforms) = preSolution
		Debug|Any CPU = Debug|Any CPU
		Release|Any CPU = Release|Any CPU
	EndGlobalSection
	GlobalSection(ProjectConfigurationPlatforms) = postSolution
		{21221A60-8A39-4671-B5D4-16F1F0AB723B}.Debug|Any CPU.ActiveCfg = Debug|Any CPU
		{21221A60-8A39-4671-B5D4-16F1F0AB723B}.Debug|Any CPU.Build.0 = Debug|Any CPU
		{21221A60-8A39-4671-B5D4-16F1F0AB723B}.Release|Any CPU.ActiveCfg = Release|Any CPU
		{21221A60-8A39-4671-B5D4-16F1F0AB723B}.Release|Any CPU.Build.0 = Release|Any CPU
		{DFC515AC-8F8F-449A-B878-13BC71F4BA31}.Debug|Any CPU.ActiveCfg = Debug|Any CPU
		{DFC515AC-8F8F-449A-B878-13BC71F4BA31}.Debug|Any CPU.Build.0 = Debug|Any CPU
		{DFC515AC-8F8F-449A-B878-13BC71F4BA31}.Release|Any CPU.ActiveCfg = Release|Any CPU
		{DFC515AC-8F8F-449A-B878-13BC71F4BA31}.Release|Any CPU.Build.0 = Release|Any CPU
		{CE721FE4-6747-46C6-B849-95FB8C3821A4}.Debug|Any CPU.ActiveCfg = Debug|Any CPU
		{CE721FE4-6747-46C6-B849-95FB8C3821A4}.Debug|Any CPU.Build.0 = Debug|Any CPU
		{CE721FE4-6747-46C6-B849-95FB8C3821A4}.Release|Any CPU.ActiveCfg = Release|Any CPU
		{CE721FE4-6747-46C6-B849-95FB8C3821A4}.Release|Any CPU.Build.0 = Release|Any CPU
		{25670D25-16E8-42E5-9BC2-9BA7F80810A0}.Debug|Any CPU.ActiveCfg = Debug|Any CPU
		{25670D25-16E8-42E5-9BC2-9BA7F80810A0}.Debug|Any CPU.Build.0 = Debug|Any CPU
		{25670D25-16E8-42E5-9BC2-9BA7F80810A0}.Release|Any CPU.ActiveCfg = Release|Any CPU
		{25670D25-16E8-42E5-9BC2-9BA7F80810A0}.Release|Any CPU.Build.0 = Release|Any CPU
		{7B44D21D-D0E5-4CBF-AF7C-3BFC2F647B07}.Debug|Any CPU.ActiveCfg = Debug|Any CPU
		{7B44D21D-D0E5-4CBF-AF7C-3BFC2F647B07}.Debug|Any CPU.Build.0 = Debug|Any CPU
		{7B44D21D-D0E5-4CBF-AF7C-3BFC2F647B07}.Release|Any CPU.ActiveCfg = Release|Any CPU
		{7B44D21D-D0E5-4CBF-AF7C-3BFC2F647B07}.Release|Any CPU.Build.0 = Release|Any CPU
		{7A2EE42D-8B9C-4D03-9DB7-376FD1663F0A}.Debug|Any CPU.ActiveCfg = Debug|Any CPU
		{7A2EE42D-8B9C-4D03-9DB7-376FD1663F0A}.Debug|Any CPU.Build.0 = Debug|Any CPU
		{7A2EE42D-8B9C-4D03-9DB7-376FD1663F0A}.Release|Any CPU.ActiveCfg = Release|Any CPU
		{7A2EE42D-8B9C-4D03-9DB7-376FD1663F0A}.Release|Any CPU.Build.0 = Release|Any CPU
		{65EF3A53-F245-49B7-BE4E-FE45F0A269A1}.Debug|Any CPU.ActiveCfg = Debug|Any CPU
		{65EF3A53-F245-49B7-BE4E-FE45F0A269A1}.Debug|Any CPU.Build.0 = Debug|Any CPU
		{65EF3A53-F245-49B7-BE4E-FE45F0A269A1}.Release|Any CPU.ActiveCfg = Release|Any CPU
		{65EF3A53-F245-49B7-BE4E-FE45F0A269A1}.Release|Any CPU.Build.0 = Release|Any CPU
		{596CE275-9921-4504-AA0C-E61B0B5EF54C}.Debug|Any CPU.ActiveCfg = Debug|Any CPU
		{596CE275-9921-4504-AA0C-E61B0B5EF54C}.Debug|Any CPU.Build.0 = Debug|Any CPU
		{596CE275-9921-4504-AA0C-E61B0B5EF54C}.Release|Any CPU.ActiveCfg = Release|Any CPU
		{596CE275-9921-4504-AA0C-E61B0B5EF54C}.Release|Any CPU.Build.0 = Release|Any CPU
		{D5376A3D-6A82-46A7-82FE-DBC4470C6449}.Debug|Any CPU.ActiveCfg = Debug|Any CPU
		{D5376A3D-6A82-46A7-82FE-DBC4470C6449}.Debug|Any CPU.Build.0 = Debug|Any CPU
		{D5376A3D-6A82-46A7-82FE-DBC4470C6449}.Release|Any CPU.ActiveCfg = Release|Any CPU
		{D5376A3D-6A82-46A7-82FE-DBC4470C6449}.Release|Any CPU.Build.0 = Release|Any CPU
		{5A64772E-C890-4ED4-B148-7FE68B3301CE}.Debug|Any CPU.ActiveCfg = Debug|Any CPU
		{5A64772E-C890-4ED4-B148-7FE68B3301CE}.Debug|Any CPU.Build.0 = Debug|Any CPU
		{5A64772E-C890-4ED4-B148-7FE68B3301CE}.Release|Any CPU.ActiveCfg = Release|Any CPU
		{5A64772E-C890-4ED4-B148-7FE68B3301CE}.Release|Any CPU.Build.0 = Release|Any CPU
		{98C0BB23-36D5-4F7A-8784-B0DBDD2AB1E6}.Debug|Any CPU.ActiveCfg = Debug|Any CPU
		{98C0BB23-36D5-4F7A-8784-B0DBDD2AB1E6}.Debug|Any CPU.Build.0 = Debug|Any CPU
		{98C0BB23-36D5-4F7A-8784-B0DBDD2AB1E6}.Release|Any CPU.ActiveCfg = Release|Any CPU
		{98C0BB23-36D5-4F7A-8784-B0DBDD2AB1E6}.Release|Any CPU.Build.0 = Release|Any CPU
		{34934196-3EDF-4FD2-86B1-448BF93638DD}.Debug|Any CPU.ActiveCfg = Debug|Any CPU
		{34934196-3EDF-4FD2-86B1-448BF93638DD}.Debug|Any CPU.Build.0 = Debug|Any CPU
		{34934196-3EDF-4FD2-86B1-448BF93638DD}.Release|Any CPU.ActiveCfg = Release|Any CPU
		{34934196-3EDF-4FD2-86B1-448BF93638DD}.Release|Any CPU.Build.0 = Release|Any CPU
		{03569335-3285-4C72-8938-82385EFF99CB}.Debug|Any CPU.ActiveCfg = Debug|Any CPU
		{03569335-3285-4C72-8938-82385EFF99CB}.Debug|Any CPU.Build.0 = Debug|Any CPU
		{03569335-3285-4C72-8938-82385EFF99CB}.Release|Any CPU.ActiveCfg = Release|Any CPU
		{03569335-3285-4C72-8938-82385EFF99CB}.Release|Any CPU.Build.0 = Release|Any CPU
		{BB1DB256-3E40-4CAC-879F-2E7FF634A5CD}.Debug|Any CPU.ActiveCfg = Debug|Any CPU
		{BB1DB256-3E40-4CAC-879F-2E7FF634A5CD}.Debug|Any CPU.Build.0 = Debug|Any CPU
		{BB1DB256-3E40-4CAC-879F-2E7FF634A5CD}.Release|Any CPU.ActiveCfg = Release|Any CPU
		{BB1DB256-3E40-4CAC-879F-2E7FF634A5CD}.Release|Any CPU.Build.0 = Release|Any CPU
		{72B18D7B-0009-472D-9C75-074AEE37BBDF}.Debug|Any CPU.ActiveCfg = Debug|Any CPU
		{72B18D7B-0009-472D-9C75-074AEE37BBDF}.Debug|Any CPU.Build.0 = Debug|Any CPU
		{72B18D7B-0009-472D-9C75-074AEE37BBDF}.Release|Any CPU.ActiveCfg = Release|Any CPU
		{72B18D7B-0009-472D-9C75-074AEE37BBDF}.Release|Any CPU.Build.0 = Release|Any CPU
	EndGlobalSection
	GlobalSection(SolutionProperties) = preSolution
		HideSolutionNode = FALSE
	EndGlobalSection
	GlobalSection(NestedProjects) = preSolution
		{37DCA54A-B18C-40E9-83F0-2AD86C302D99} = {80E3F069-1F23-46C7-B661-DBBCF69DB195}
		{EED9CC28-5D55-4275-AFB1-E33878661515} = {80E3F069-1F23-46C7-B661-DBBCF69DB195}
		{21221A60-8A39-4671-B5D4-16F1F0AB723B} = {37DCA54A-B18C-40E9-83F0-2AD86C302D99}
		{DFC515AC-8F8F-449A-B878-13BC71F4BA31} = {FDD5EEEC-73C7-433C-A58B-C99242DD3FA9}
		{CE721FE4-6747-46C6-B849-95FB8C3821A4} = {D5EF11CF-9065-4DDB-9283-1588786855FE}
		{25670D25-16E8-42E5-9BC2-9BA7F80810A0} = {0BF9B634-C632-4029-ABBF-A437C2B5BB29}
		{7B44D21D-D0E5-4CBF-AF7C-3BFC2F647B07} = {0BF9B634-C632-4029-ABBF-A437C2B5BB29}
		{7A2EE42D-8B9C-4D03-9DB7-376FD1663F0A} = {0BF9B634-C632-4029-ABBF-A437C2B5BB29}
		{65EF3A53-F245-49B7-BE4E-FE45F0A269A1} = {AE69E3C1-7458-4EC5-B661-6AE90582484A}
		{596CE275-9921-4504-AA0C-E61B0B5EF54C} = {54662D9A-555F-4410-90DA-15B38DE0597D}
		{D5376A3D-6A82-46A7-82FE-DBC4470C6449} = {CC8B3AFE-33CD-4353-8BCA-28275CF7B63C}
		{5A64772E-C890-4ED4-B148-7FE68B3301CE} = {7F580115-7384-4F69-AAE8-765E171DBF09}
		{98C0BB23-36D5-4F7A-8784-B0DBDD2AB1E6} = {571C75AA-0C37-48B3-A8DE-5E90A1F53866}
		{34934196-3EDF-4FD2-86B1-448BF93638DD} = {571C75AA-0C37-48B3-A8DE-5E90A1F53866}
		{03569335-3285-4C72-8938-82385EFF99CB} = {ADED0B4D-F474-4A1E-AE09-29F6C02702C3}
		{BB1DB256-3E40-4CAC-879F-2E7FF634A5CD} = {ADED0B4D-F474-4A1E-AE09-29F6C02702C3}
		{72B18D7B-0009-472D-9C75-074AEE37BBDF} = {FFB7A8B3-8AB6-4729-9AA7-03846B2E18B0}
	EndGlobalSection
	GlobalSection(ExtensibilityGlobals) = postSolution
		SolutionGuid = {4ED60FCA-4C88-44F5-8133-3A0E05EB2910}
	EndGlobalSection
EndGlobal
